
Microsoft Visual Studio Solution File, Format Version 12.00
# Visual Studio Version 17
VisualStudioVersion = 17.10.35122.118
MinimumVisualStudioVersion = 10.0.40219.1
Project("{8BC9CEB8-8B4A-11D0-8D11-00A0C91BC942}") = "Jeffrey_Lab1", "Jeffrey_Lab1\Jeffrey_Lab1.vcxproj", "{B8F319DF-FFF9-4BDC-9579-4E1CA5DDC735}"
EndProject
Project("{2150E333-8FDC-42A3-9474-1A3956D46DE8}") = "Solution Items", "Solution Items", "{FC8743FE-0350-4B25-BD8B-4B4524682C91}"
	ProjectSection(SolutionItems) = preProject
		README.md = README.md
	EndProjectSection
EndProject
Global
	GlobalSection(SolutionConfigurationPlatforms) = preSolution
		Debug|x64 = Debug|x64
		Debug|x86 = Debug|x86
		Release|x64 = Release|x64
		Release|x86 = Release|x86
	EndGlobalSection
	GlobalSection(ProjectConfigurationPlatforms) = postSolution
		{B8F319DF-FFF9-4BDC-9579-4E1CA5DDC735}.Debug|x64.ActiveCfg = Debug|x64
		{B8F319DF-FFF9-4BDC-9579-4E1CA5DDC735}.Debug|x64.Build.0 = Debug|x64
		{B8F319DF-FFF9-4BDC-9579-4E1CA5DDC735}.Debug|x86.ActiveCfg = Debug|Win32
		{B8F319DF-FFF9-4BDC-9579-4E1CA5DDC735}.Debug|x86.Build.0 = Debug|Win32
		{B8F319DF-FFF9-4BDC-9579-4E1CA5DDC735}.Release|x64.ActiveCfg = Release|x64
		{B8F319DF-FFF9-4BDC-9579-4E1CA5DDC735}.Release|x64.Build.0 = Release|x64
		{B8F319DF-FFF9-4BDC-9579-4E1CA5DDC735}.Release|x86.ActiveCfg = Release|Win32
		{B8F319DF-FFF9-4BDC-9579-4E1CA5DDC735}.Release|x86.Build.0 = Release|Win32
	EndGlobalSection
	GlobalSection(SolutionProperties) = preSolution
		HideSolutionNode = FALSE
	EndGlobalSection
	GlobalSection(ExtensibilityGlobals) = postSolution
		SolutionGuid = {E41910FF-3E68-4A02-9030-B4639C0AB810}
	EndGlobalSection
EndGlobal
